
Microsoft Visual Studio Solution File, Format Version 12.00
# Visual Studio 2017
Project("{FAE04EC0-301F-11D3-BF4B-00C04F79EFBC}") = "pucrs-unity3d-pool-master 1", "pucrs-unity3d-pool-master 1.csproj", "{46F9676F-B990-3FD6-1B32-42E2AD5A21A3}"
EndProject
Global
	GlobalSection(SolutionConfigurationPlatforms) = preSolution
		Debug|Any CPU = Debug|Any CPU
		Release|Any CPU = Release|Any CPU
	EndGlobalSection
	GlobalSection(ProjectConfigurationPlatforms) = postSolution
		{46F9676F-B990-3FD6-1B32-42E2AD5A21A3}.Debug|Any CPU.ActiveCfg = Debug|Any CPU
		{46F9676F-B990-3FD6-1B32-42E2AD5A21A3}.Debug|Any CPU.Build.0 = Debug|Any CPU
		{46F9676F-B990-3FD6-1B32-42E2AD5A21A3}.Release|Any CPU.ActiveCfg = Release|Any CPU
		{46F9676F-B990-3FD6-1B32-42E2AD5A21A3}.Release|Any CPU.Build.0 = Release|Any CPU
	EndGlobalSection
	GlobalSection(SolutionProperties) = preSolution
		HideSolutionNode = FALSE
	EndGlobalSection
EndGlobal
